
Microsoft Visual Studio Solution File, Format Version 12.00
# Visual Studio Version 17
VisualStudioVersion = 17.14.36811.4 d17.14
MinimumVisualStudioVersion = 10.0.40219.1
Project("{FAE04EC0-301F-11D3-BF4B-00C04F79EFBC}") = "Monthly_Collection_Details", "Monthly_Collection_Details\Monthly_Collection_Details.csproj", "{DF4D260D-F33E-4DB6-828B-0EC11117B204}"
EndProject
Global
	GlobalSection(SolutionConfigurationPlatforms) = preSolution
		Debug|Any CPU = Debug|Any CPU
		Release|Any CPU = Release|Any CPU
	EndGlobalSection
	GlobalSection(ProjectConfigurationPlatforms) = postSolution
		{DF4D260D-F33E-4DB6-828B-0EC11117B204}.Debug|Any CPU.ActiveCfg = Debug|Any CPU
		{DF4D260D-F33E-4DB6-828B-0EC11117B204}.Debug|Any CPU.Build.0 = Debug|Any CPU
		{DF4D260D-F33E-4DB6-828B-0EC11117B204}.Release|Any CPU.ActiveCfg = Release|Any CPU
		{DF4D260D-F33E-4DB6-828B-0EC11117B204}.Release|Any CPU.Build.0 = Release|Any CPU
	EndGlobalSection
	GlobalSection(SolutionProperties) = preSolution
		HideSolutionNode = FALSE
	EndGlobalSection
	GlobalSection(ExtensibilityGlobals) = postSolution
		SolutionGuid = {A3A6FCBB-1D75-4FF8-A552-A5FF20B4AB07}
	EndGlobalSection
EndGlobal
